<?xml version="1.0" encoding="utf-8"?>
<Project ToolsVersion="4.0" xmlns="http://schemas.microsoft.com/developer/msbuild/2003">
  <ItemGroup>
    <Filter Include="源文件">
      <UniqueIdentifier>{4FC737F1-C7A5-4376-A066-2A32D752A2FF}</UniqueIdentifier>
      <Extensions>cpp;c;cc;cxx;def;odl;idl;hpj;bat;asm;asmx</Extensions>
    </Filter>
    <Filter Include="头文件">
      <UniqueIdentifier>{93995380-89BD-4b04-88EB-625FBE52EBFB}</UniqueIdentifier>
      <Extensions>h;hpp;hxx;hm;inl;inc;xsd</Extensions>
    </Filter>
    <Filter Include="资源文件">
      <UniqueIdentifier>{67DA6AB6-F800-4c08-8B7A-83BB121AAD01}</UniqueIdentifier>
      <Extensions>rc;ico;cur;bmp;dlg;rc2;rct;bin;rgs;gif;jpg;jpeg;jpe;resx;tiff;tif;png;wav;mfcribbon-ms</Extensions>
    </Filter>
    <Filter Include="include">
      <UniqueIdentifier>{1bfd2e20-5de6-4b0b-9527-ab0e2232252d}</UniqueIdentifier>
    </Filter>
    <Filter Include="include\rapidjson">
      <UniqueIdentifier>{b8b698ba-266a-4bb1-9add-5bd00a113e28}</UniqueIdentifier>
    </Filter>
    <Filter Include="include\rapidjson\msinttypes">
      <UniqueIdentifier>{3fba2267-4943-4753-8fa1-ba35c6931e49}</UniqueIdentifier>
    </Filter>
    <Filter Include="include\rapidjson\internal">
      <UniqueIdentifier>{e26a48bf-a513-4df1-acc1-726cdc99d9ad}</UniqueIdentifier>
    </Filter>
    <Filter Include="include\rapidjson\error">
      <UniqueIdentifier>{ff26df14-9b54-4fba-88e0-5ccf33dcfcc6}</UniqueIdentifier>
    </Filter>
  </ItemGroup>
  <ItemGroup>
    <Text Include="ReadMe.txt" />
  </ItemGroup>
  <ItemGroup>
    <ClInclude Include="stdafx.h">
      <Filter>头文件</Filter>
    </ClInclude>
    <ClInclude Include="targetver.h">
      <Filter>头文件</Filter>
    </ClInclude>
    <ClInclude Include="include\rapidjson\allocators.h">
      <Filter>include\rapidjson</Filter>
    </ClInclude>
    <ClInclude Include="include\rapidjson\cursorstreamwrapper.h">
      <Filter>include\rapidjson</Filter>
    </ClInclude>
    <ClInclude Include="include\rapidjson\document.h">
      <Filter>include\rapidjson</Filter>
    </ClInclude>
    <ClInclude Include="include\rapidjson\encodedstream.h">
      <Filter>include\rapidjson</Filter>
    </ClInclude>
    <ClInclude Include="include\rapidjson\encodings.h">
      <Filter>include\rapidjson</Filter>
    </ClInclude>
    <ClInclude Include="include\rapidjson\filereadstream.h">
      <Filter>include\rapidjson</Filter>
    </ClInclude>
    <ClInclude Include="include\rapidjson\filewritestream.h">
      <Filter>include\rapidjson</Filter>
    </ClInclude>
    <ClInclude Include="include\rapidjson\fwd.h">
      <Filter>include\rapidjson</Filter>
    </ClInclude>
    <ClInclude Include="include\rapidjson\istreamwrapper.h">
      <Filter>include\rapidjson</Filter>
    </ClInclude>
    <ClInclude Include="include\rapidjson\memorybuffer.h">
      <Filter>include\rapidjson</Filter>
    </ClInclude>
    <ClInclude Include="include\rapidjson\memorystream.h">
      <Filter>include\rapidjson</Filter>
    </ClInclude>
    <ClInclude Include="include\rapidjson\ostreamwrapper.h">
      <Filter>include\rapidjson</Filter>
    </ClInclude>
    <ClInclude Include="include\rapidjson\pointer.h">
      <Filter>include\rapidjson</Filter>
    </ClInclude>
    <ClInclude Include="include\rapidjson\prettywriter.h">
      <Filter>include\rapidjson</Filter>
    </ClInclude>
    <ClInclude Include="include\rapidjson\rapidjson.h">
      <Filter>include\rapidjson</Filter>
    </ClInclude>
    <ClInclude Include="include\rapidjson\reader.h">
      <Filter>include\rapidjson</Filter>
    </ClInclude>
    <ClInclude Include="include\rapidjson\schema.h">
      <Filter>include\rapidjson</Filter>
    </ClInclude>
    <ClInclude Include="include\rapidjson\stream.h">
      <Filter>include\rapidjson</Filter>
    </ClInclude>
    <ClInclude Include="include\rapidjson\stringbuffer.h">
      <Filter>include\rapidjson</Filter>
    </ClInclude>
    <ClInclude Include="include\rapidjson\writer.h">
      <Filter>include\rapidjson</Filter>
    </ClInclude>
    <ClInclude Include="include\rapidjson\msinttypes\inttypes.h">
      <Filter>include\rapidjson\msinttypes</Filter>
    </ClInclude>
    <ClInclude Include="include\rapidjson\msinttypes\stdint.h">
      <Filter>include\rapidjson\msinttypes</Filter>
    </ClInclude>
    <ClInclude Include="include\rapidjson\internal\dtoa.h">
      <Filter>include\rapidjson\internal</Filter>
    </ClInclude>
    <ClInclude Include="include\rapidjson\internal\ieee754.h">
      <Filter>include\rapidjson\internal</Filter>
    </ClInclude>
    <ClInclude Include="include\rapidjson\internal\itoa.h">
      <Filter>include\rapidjson\internal</Filter>
    </ClInclude>
    <ClInclude Include="include\rapidjson\internal\meta.h">
      <Filter>include\rapidjson\internal</Filter>
    </ClInclude>
    <ClInclude Include="include\rapidjson\internal\pow10.h">
      <Filter>include\rapidjson\internal</Filter>
    </ClInclude>
    <ClInclude Include="include\rapidjson\internal\regex.h">
      <Filter>include\rapidjson\internal</Filter>
    </ClInclude>
    <ClInclude Include="include\rapidjson\internal\stack.h">
      <Filter>include\rapidjson\internal</Filter>
    </ClInclude>
    <ClInclude Include="include\rapidjson\internal\strfunc.h">
      <Filter>include\rapidjson\internal</Filter>
    </ClInclude>
    <ClInclude Include="include\rapidjson\internal\strtod.h">
      <Filter>include\rapidjson\internal</Filter>
    </ClInclude>
    <ClInclude Include="include\rapidjson\internal\swap.h">
      <Filter>include\rapidjson\internal</Filter>
    </ClInclude>
    <ClInclude Include="include\rapidjson\internal\biginteger.h">
      <Filter>include\rapidjson\internal</Filter>
    </ClInclude>
    <ClInclude Include="include\rapidjson\internal\diyfp.h">
      <Filter>include\rapidjson\internal</Filter>
    </ClInclude>
    <ClInclude Include="include\rapidjson\error\en.h">
      <Filter>include\rapidjson\error</Filter>
    </ClInclude>
    <ClInclude Include="include\rapidjson\error\error.h">
      <Filter>include\rapidjson\error</Filter>
    </ClInclude>
    <ClInclude Include="JsonManager.h">
      <Filter>源文件</Filter>
    </ClInclude>
  </ItemGroup>
  <ItemGroup>
    <ClCompile Include="stdafx.cpp">
      <Filter>源文件</Filter>
    </ClCompile>
    <ClCompile Include="JsonDemo.cpp">
      <Filter>源文件</Filter>
    </ClCompile>
    <ClCompile Include="JsonManager.cpp">
      <Filter>源文件</Filter>
    </ClCompile>
  </ItemGroup>
</Project>